
Microsoft Visual Studio Solution File, Format Version 12.00
# Visual Studio Version 16
VisualStudioVersion = 16.0.31229.75
MinimumVisualStudioVersion = 10.0.40219.1
Project("{9A19103F-16F7-4668-BE54-9A1E7A4F7556}") = "CursoDesignPatterns", "CursoDesignPatterns.csproj", "{DC6C1BDF-9169-45B3-B8CE-651EC71EE0F4}"
EndProject
Project("{2150E333-8FDC-42A3-9474-1A3956D46DE8}") = "Solution Items", "Solution Items", "{8FEC4AF1-F3E3-4D8B-A54F-BD1F24C0FBE2}"
	ProjectSection(SolutionItems) = preProject
		.editorconfig = .editorconfig
	EndProjectSection
EndProject
Global
	GlobalSection(SolutionConfigurationPlatforms) = preSolution
		Debug|Any CPU = Debug|Any CPU
		Release|Any CPU = Release|Any CPU
	EndGlobalSection
	GlobalSection(ProjectConfigurationPlatforms) = postSolution
		{DC6C1BDF-9169-45B3-B8CE-651EC71EE0F4}.Debug|Any CPU.ActiveCfg = Debug|Any CPU
		{DC6C1BDF-9169-45B3-B8CE-651EC71EE0F4}.Debug|Any CPU.Build.0 = Debug|Any CPU
		{DC6C1BDF-9169-45B3-B8CE-651EC71EE0F4}.Release|Any CPU.ActiveCfg = Release|Any CPU
		{DC6C1BDF-9169-45B3-B8CE-651EC71EE0F4}.Release|Any CPU.Build.0 = Release|Any CPU
	EndGlobalSection
	GlobalSection(SolutionProperties) = preSolution
		HideSolutionNode = FALSE
	EndGlobalSection
	GlobalSection(ExtensibilityGlobals) = postSolution
		SolutionGuid = {B661ABE8-4F86-4A0B-8441-FA190ECD0D9A}
	EndGlobalSection
EndGlobal
